
Microsoft Visual Studio Solution File, Format Version 12.00
# Visual Studio Version 17
VisualStudioVersion = 17.11.35327.3
MinimumVisualStudioVersion = 10.0.40219.1
Project("{9A19103F-16F7-4668-BE54-9A1E7A4F7556}") = "TvFlixApp", "MyFirstApplication\TvFlixApp.csproj", "{481FE93B-6DD2-4559-9A5A-092DC8620FCA}"
EndProject
Project("{2150E333-8FDC-42A3-9474-1A3956D46DE8}") = "Solution Items", "Solution Items", "{8EC462FD-D22E-90A8-E5CE-7E832BA40C5D}"
	ProjectSection(SolutionItems) = preProject
		.gitignore = .gitignore
	EndProjectSection
EndProject
Project("{FAE04EC0-301F-11D3-BF4B-00C04F79EFBC}") = "TvFlixApp.Domain", "TvFlixApp.Domain\TvFlixApp.Domain.csproj", "{BD557C8A-5FD0-48FB-AB04-4CD0E8005AD9}"
EndProject
Project("{FAE04EC0-301F-11D3-BF4B-00C04F79EFBC}") = "TvFlixApp.Application", "TvFlixApp.Application\TvFlixApp.Application.csproj", "{81F8D2AA-D04B-41E2-B627-1336248003D2}"
EndProject
Project("{FAE04EC0-301F-11D3-BF4B-00C04F79EFBC}") = "TvFlixApp.Infrastructure", "TvFlixApp.Infrastructure\TvFlixApp.Infrastructure.csproj", "{263CA175-602B-47FF-807A-D08FA92CB289}"
EndProject
Global
	GlobalSection(SolutionConfigurationPlatforms) = preSolution
		Debug|Any CPU = Debug|Any CPU
		Release|Any CPU = Release|Any CPU
	EndGlobalSection
	GlobalSection(ProjectConfigurationPlatforms) = postSolution
		{481FE93B-6DD2-4559-9A5A-092DC8620FCA}.Debug|Any CPU.ActiveCfg = Debug|Any CPU
		{481FE93B-6DD2-4559-9A5A-092DC8620FCA}.Debug|Any CPU.Build.0 = Debug|Any CPU
		{481FE93B-6DD2-4559-9A5A-092DC8620FCA}.Release|Any CPU.ActiveCfg = Release|Any CPU
		{481FE93B-6DD2-4559-9A5A-092DC8620FCA}.Release|Any CPU.Build.0 = Release|Any CPU
		{BD557C8A-5FD0-48FB-AB04-4CD0E8005AD9}.Debug|Any CPU.ActiveCfg = Debug|Any CPU
		{BD557C8A-5FD0-48FB-AB04-4CD0E8005AD9}.Debug|Any CPU.Build.0 = Debug|Any CPU
		{BD557C8A-5FD0-48FB-AB04-4CD0E8005AD9}.Release|Any CPU.ActiveCfg = Release|Any CPU
		{BD557C8A-5FD0-48FB-AB04-4CD0E8005AD9}.Release|Any CPU.Build.0 = Release|Any CPU
		{81F8D2AA-D04B-41E2-B627-1336248003D2}.Debug|Any CPU.ActiveCfg = Debug|Any CPU
		{81F8D2AA-D04B-41E2-B627-1336248003D2}.Debug|Any CPU.Build.0 = Debug|Any CPU
		{81F8D2AA-D04B-41E2-B627-1336248003D2}.Release|Any CPU.ActiveCfg = Release|Any CPU
		{81F8D2AA-D04B-41E2-B627-1336248003D2}.Release|Any CPU.Build.0 = Release|Any CPU
		{263CA175-602B-47FF-807A-D08FA92CB289}.Debug|Any CPU.ActiveCfg = Debug|Any CPU
		{263CA175-602B-47FF-807A-D08FA92CB289}.Debug|Any CPU.Build.0 = Debug|Any CPU
		{263CA175-602B-47FF-807A-D08FA92CB289}.Release|Any CPU.ActiveCfg = Release|Any CPU
		{263CA175-602B-47FF-807A-D08FA92CB289}.Release|Any CPU.Build.0 = Release|Any CPU
	EndGlobalSection
	GlobalSection(SolutionProperties) = preSolution
		HideSolutionNode = FALSE
	EndGlobalSection
	GlobalSection(ExtensibilityGlobals) = postSolution
		SolutionGuid = {F488A4D2-86E0-4C86-8065-A986BBA2A18B}
	EndGlobalSection
EndGlobal
